
Microsoft Visual Studio Solution File, Format Version 12.00
# Visual Studio Version 17
VisualStudioVersion = 17.11.35222.181
MinimumVisualStudioVersion = 10.0.40219.1
Project("{FAE04EC0-301F-11D3-BF4B-00C04F79EFBC}") = "WebAppMvc", "WebAppMvc.csproj", "{8397DC3E-4A42-43EA-B428-D82B8D550BFD}"
EndProject
Global
	GlobalSection(SolutionConfigurationPlatforms) = preSolution
		Debug|Any CPU = Debug|Any CPU
		Release|Any CPU = Release|Any CPU
	EndGlobalSection
	GlobalSection(ProjectConfigurationPlatforms) = postSolution
		{8397DC3E-4A42-43EA-B428-D82B8D550BFD}.Debug|Any CPU.ActiveCfg = Debug|Any CPU
		{8397DC3E-4A42-43EA-B428-D82B8D550BFD}.Debug|Any CPU.Build.0 = Debug|Any CPU
		{8397DC3E-4A42-43EA-B428-D82B8D550BFD}.Release|Any CPU.ActiveCfg = Release|Any CPU
		{8397DC3E-4A42-43EA-B428-D82B8D550BFD}.Release|Any CPU.Build.0 = Release|Any CPU
	EndGlobalSection
	GlobalSection(SolutionProperties) = preSolution
		HideSolutionNode = FALSE
	EndGlobalSection
	GlobalSection(ExtensibilityGlobals) = postSolution
		SolutionGuid = {8BDDB787-20BF-4AD6-B929-5B3870E1E4EA}
	EndGlobalSection
EndGlobal
